
Microsoft Visual Studio Solution File, Format Version 12.00
# Visual Studio 15
VisualStudioVersion = 15.0.28307.106
MinimumVisualStudioVersion = 10.0.40219.1
Project("{9A19103F-16F7-4668-BE54-9A1E7A4F7556}") = "P01_HarvestingFields", "P01_HarvestingFields\P01_HarvestingFields.csproj", "{4FE464A0-D897-41E0-A974-2331127E99C4}"
EndProject
Project("{9A19103F-16F7-4668-BE54-9A1E7A4F7556}") = "P02_BlackBoxInteger", "P02_BlackBoxInteger\P02_BlackBoxInteger.csproj", "{3BD5323B-D893-4868-9DC0-74F1335D6FF0}"
EndProject
Project("{9A19103F-16F7-4668-BE54-9A1E7A4F7556}") = "P03_BarraksWars", "P03_BarraksWars\P03_BarraksWars.csproj", "{040AB534-C510-4972-8A6B-4856F1A0AF50}"
EndProject
Project("{FAE04EC0-301F-11D3-BF4B-00C04F79EFBC}") = "P06.TrafficLights", "P06.TrafficLights\P06.TrafficLights.csproj", "{8CA41809-3470-4FE8-8452-91E07146256A}"
EndProject
Global
	GlobalSection(SolutionConfigurationPlatforms) = preSolution
		Debug|Any CPU = Debug|Any CPU
		Release|Any CPU = Release|Any CPU
	EndGlobalSection
	GlobalSection(ProjectConfigurationPlatforms) = postSolution
		{4FE464A0-D897-41E0-A974-2331127E99C4}.Debug|Any CPU.ActiveCfg = Debug|Any CPU
		{4FE464A0-D897-41E0-A974-2331127E99C4}.Debug|Any CPU.Build.0 = Debug|Any CPU
		{4FE464A0-D897-41E0-A974-2331127E99C4}.Release|Any CPU.ActiveCfg = Release|Any CPU
		{4FE464A0-D897-41E0-A974-2331127E99C4}.Release|Any CPU.Build.0 = Release|Any CPU
		{3BD5323B-D893-4868-9DC0-74F1335D6FF0}.Debug|Any CPU.ActiveCfg = Debug|Any CPU
		{3BD5323B-D893-4868-9DC0-74F1335D6FF0}.Debug|Any CPU.Build.0 = Debug|Any CPU
		{3BD5323B-D893-4868-9DC0-74F1335D6FF0}.Release|Any CPU.ActiveCfg = Release|Any CPU
		{3BD5323B-D893-4868-9DC0-74F1335D6FF0}.Release|Any CPU.Build.0 = Release|Any CPU
		{040AB534-C510-4972-8A6B-4856F1A0AF50}.Debug|Any CPU.ActiveCfg = Debug|Any CPU
		{040AB534-C510-4972-8A6B-4856F1A0AF50}.Debug|Any CPU.Build.0 = Debug|Any CPU
		{040AB534-C510-4972-8A6B-4856F1A0AF50}.Release|Any CPU.ActiveCfg = Release|Any CPU
		{040AB534-C510-4972-8A6B-4856F1A0AF50}.Release|Any CPU.Build.0 = Release|Any CPU
		{8CA41809-3470-4FE8-8452-91E07146256A}.Debug|Any CPU.ActiveCfg = Debug|Any CPU
		{8CA41809-3470-4FE8-8452-91E07146256A}.Debug|Any CPU.Build.0 = Debug|Any CPU
		{8CA41809-3470-4FE8-8452-91E07146256A}.Release|Any CPU.ActiveCfg = Release|Any CPU
		{8CA41809-3470-4FE8-8452-91E07146256A}.Release|Any CPU.Build.0 = Release|Any CPU
	EndGlobalSection
	GlobalSection(SolutionProperties) = preSolution
		HideSolutionNode = FALSE
	EndGlobalSection
	GlobalSection(ExtensibilityGlobals) = postSolution
		SolutionGuid = {D165C0F0-078B-4AA3-AEB7-E3944E342D6D}
	EndGlobalSection
EndGlobal
